uuid: f938f3b8-76c5-4c2a-baa7-005fe96b21f2
langcode: en
status: true
dependencies:
  module:
    - aps_audit_planning
    - system
  theme:
    - bootstrap_barrio_subtheme
id: bootstrap_barrio_subtheme_auditplanningblock
theme: bootstrap_barrio_subtheme
region: content
weight: -10
provider: null
plugin: audit_planning_block
settings:
  id: audit_planning_block
  label: 'Audit planning block'
  provider: aps_audit_planning
  label_display: '0'
visibility:
  request_path:
    id: request_path
    pages: '/audit-planning/*'
    negate: false
    context_mapping: {  }
