uuid: 13b5ce2a-a9bc-4e8d-bb47-860b14563962
langcode: en
status: false
dependencies:
  module:
    - aps_general
  theme:
    - audit_tool
id: audit_tool_csvimportblock
theme: audit_tool
region: content
weight: 4
provider: null
plugin: csv_import_block
settings:
  id: csv_import_block
  label: 'Csv import block'
  provider: aps_general
  label_display: '0'
visibility: {  }
