uuid: 4fbeb738-0874-48bf-94b9-65ba8331e7ba
langcode: en
status: true
dependencies:
  module:
    - aps_pre_audit
    - system
    - user
  theme:
    - audit_tool
id: audit_tool_askmoreinformationblock
theme: audit_tool
region: content
weight: 9
provider: null
plugin: ask_more_information_block
settings:
  id: ask_more_information_block
  label: 'Ask more information block'
  provider: aps_pre_audit
  label_display: '0'
visibility:
  request_path:
    id: request_path
    pages: "/documentrecords/*\r\n/documentmanuals/*\r\n/documentinternalrecords/*"
    negate: false
    context_mapping: {  }
  user_role:
    id: user_role
    roles:
      auditor: auditor
    negate: false
    context_mapping:
      user: '@user.current_user_context:current_user'
