uuid: b6740d4d-78fe-4fe8-9b82-83e6ca781d95
langcode: en
status: true
dependencies:
  module:
    - aps_audit_planning
    - system
  theme:
    - bootstrap_barrio
id: bootstrap_barrio_auditplanningblock
theme: bootstrap_barrio
region: content
weight: -10
provider: null
plugin: audit_planning_block
settings:
  id: audit_planning_block
  label: 'Audit planning block'
  provider: aps_audit_planning
  label_display: '0'
visibility:
  request_path:
    id: request_path
    pages: '/audit-planning/*'
    negate: false
    context_mapping: {  }
