uuid: 404bff9e-7a85-42e4-9f72-21f0c7eecd75
langcode: en
status: true
dependencies:
  module:
    - aps_pre_audit
    - system
    - user
  theme:
    - bootstrap_barrio_subtheme
id: bootstrap_barrio_subtheme_askmoreinformationblock
theme: bootstrap_barrio_subtheme
region: content
weight: 9
provider: null
plugin: ask_more_information_block
settings:
  id: ask_more_information_block
  label: 'Ask more information block'
  provider: aps_pre_audit
  label_display: '0'
visibility:
  request_path:
    id: request_path
    pages: "/documentrecords/*\r\n/documentmanuals/*\r\n/documentinternalrecords/*"
    negate: false
    context_mapping: {  }
  user_role:
    id: user_role
    roles:
      auditor: auditor
    negate: false
    context_mapping:
      user: '@user.current_user_context:current_user'
