uuid: 9afb5178-1feb-4cd9-b68f-e52dede9b138
langcode: en
status: true
dependencies:
  module:
    - aps_audit_planning
    - system
  theme:
    - seven
id: auditplanningblock
theme: seven
region: content
weight: 0
provider: null
plugin: audit_planning_block
settings:
  id: audit_planning_block
  label: 'Audit planning block'
  provider: aps_audit_planning
  label_display: visible
visibility:
  request_path:
    id: request_path
    pages: /audit-planning
    negate: false
    context_mapping: {  }
